
Microsoft Visual Studio Solution File, Format Version 12.00
# Visual Studio Version 17
VisualStudioVersion = 17.2.32505.173
MinimumVisualStudioVersion = 10.0.40219.1
Project("{FAE04EC0-301F-11D3-BF4B-00C04F79EFBC}") = "Mandelbaker", "Mandelbaker\Mandelbaker.csproj", "{5C816497-C59F-43EA-8801-F9EA604A92E6}"
EndProject
Global
	GlobalSection(SolutionConfigurationPlatforms) = preSolution
		Debug|Any CPU = Debug|Any CPU
		Release|Any CPU = Release|Any CPU
	EndGlobalSection
	GlobalSection(ProjectConfigurationPlatforms) = postSolution
		{5C816497-C59F-43EA-8801-F9EA604A92E6}.Debug|Any CPU.ActiveCfg = Debug|Any CPU
		{5C816497-C59F-43EA-8801-F9EA604A92E6}.Debug|Any CPU.Build.0 = Debug|Any CPU
		{5C816497-C59F-43EA-8801-F9EA604A92E6}.Release|Any CPU.ActiveCfg = Release|Any CPU
		{5C816497-C59F-43EA-8801-F9EA604A92E6}.Release|Any CPU.Build.0 = Release|Any CPU
	EndGlobalSection
	GlobalSection(SolutionProperties) = preSolution
		HideSolutionNode = FALSE
	EndGlobalSection
	GlobalSection(ExtensibilityGlobals) = postSolution
		SolutionGuid = {887D9FE8-F80F-4EB0-B58C-C84F3BCBDBE6}
	EndGlobalSection
EndGlobal
